
Microsoft Visual Studio Solution File, Format Version 12.00
# Visual Studio Version 17
VisualStudioVersion = 17.7.34031.279
MinimumVisualStudioVersion = 10.0.40219.1
Project("{FAE04EC0-301F-11D3-BF4B-00C04F79EFBC}") = "www.sowetocityelectrical.co.za", "www.sowetocityelectrical.co.za\www.sowetocityelectrical.co.za.csproj", "{DA81475D-118B-41BE-A1C7-C7D53E5790AB}"
EndProject
Global
	GlobalSection(SolutionConfigurationPlatforms) = preSolution
		Debug|Any CPU = Debug|Any CPU
		Release|Any CPU = Release|Any CPU
	EndGlobalSection
	GlobalSection(ProjectConfigurationPlatforms) = postSolution
		{DA81475D-118B-41BE-A1C7-C7D53E5790AB}.Debug|Any CPU.ActiveCfg = Debug|Any CPU
		{DA81475D-118B-41BE-A1C7-C7D53E5790AB}.Debug|Any CPU.Build.0 = Debug|Any CPU
		{DA81475D-118B-41BE-A1C7-C7D53E5790AB}.Release|Any CPU.ActiveCfg = Release|Any CPU
		{DA81475D-118B-41BE-A1C7-C7D53E5790AB}.Release|Any CPU.Build.0 = Release|Any CPU
	EndGlobalSection
	GlobalSection(SolutionProperties) = preSolution
		HideSolutionNode = FALSE
	EndGlobalSection
	GlobalSection(ExtensibilityGlobals) = postSolution
		SolutionGuid = {933AD5DB-5704-4E0A-A8DF-2043D725060E}
	EndGlobalSection
EndGlobal
